
Microsoft Visual Studio Solution File, Format Version 12.00
# Visual Studio Version 17
VisualStudioVersion = 17.9.34511.98
MinimumVisualStudioVersion = 10.0.40219.1
Project("{FAE04EC0-301F-11D3-BF4B-00C04F79EFBC}") = "Cp1-Project", "Cp1-Project\Cp1-Project.csproj", "{A980C1F4-C030-4217-A8D3-900C85A0E3BB}"
EndProject
Global
	GlobalSection(SolutionConfigurationPlatforms) = preSolution
		Debug|Any CPU = Debug|Any CPU
		Release|Any CPU = Release|Any CPU
	EndGlobalSection
	GlobalSection(ProjectConfigurationPlatforms) = postSolution
		{A980C1F4-C030-4217-A8D3-900C85A0E3BB}.Debug|Any CPU.ActiveCfg = Debug|Any CPU
		{A980C1F4-C030-4217-A8D3-900C85A0E3BB}.Debug|Any CPU.Build.0 = Debug|Any CPU
		{A980C1F4-C030-4217-A8D3-900C85A0E3BB}.Release|Any CPU.ActiveCfg = Release|Any CPU
		{A980C1F4-C030-4217-A8D3-900C85A0E3BB}.Release|Any CPU.Build.0 = Release|Any CPU
	EndGlobalSection
	GlobalSection(SolutionProperties) = preSolution
		HideSolutionNode = FALSE
	EndGlobalSection
	GlobalSection(ExtensibilityGlobals) = postSolution
		SolutionGuid = {55303D5D-0AFF-4CB6-B3FB-314D542E60C3}
	EndGlobalSection
EndGlobal
